
Microsoft Visual Studio Solution File, Format Version 12.00
# Visual Studio Version 17
VisualStudioVersion = 17.0.31903.59
MinimumVisualStudioVersion = 10.0.40219.1
Project("{2150E333-8FDC-42A3-9474-1A3956D46DE8}") = "src", "src", "{827E0CD3-B72D-47B6-A68D-7590B98EB39B}"
EndProject
Project("{FAE04EC0-301F-11D3-BF4B-00C04F79EFBC}") = "FoodSafe.Domain.Shared", "src\FoodSafe.Domain.Shared\FoodSafe.Domain.Shared.csproj", "{A30EB0B8-37F7-4D47-888A-1E7661B504A4}"
EndProject
Project("{FAE04EC0-301F-11D3-BF4B-00C04F79EFBC}") = "FoodSafe.Domain", "src\FoodSafe.Domain\FoodSafe.Domain.csproj", "{1501B576-BBD8-4C82-8F58-B2EAAAF0386F}"
EndProject
Project("{FAE04EC0-301F-11D3-BF4B-00C04F79EFBC}") = "FoodSafe.Application.Contracts", "src\FoodSafe.Application.Contracts\FoodSafe.Application.Contracts.csproj", "{68D18008-F148-4655-975D-BDA2BEC20437}"
EndProject
Project("{FAE04EC0-301F-11D3-BF4B-00C04F79EFBC}") = "FoodSafe.Application", "src\FoodSafe.Application\FoodSafe.Application.csproj", "{825ECCBD-A033-4D1F-85F3-86F68BD9F74A}"
EndProject
Project("{FAE04EC0-301F-11D3-BF4B-00C04F79EFBC}") = "FoodSafe.EntityFrameworkCore", "src\FoodSafe.EntityFrameworkCore\FoodSafe.EntityFrameworkCore.csproj", "{DD36D723-3A03-442B-AB7A-01A4A25AA0D8}"
EndProject
Project("{FAE04EC0-301F-11D3-BF4B-00C04F79EFBC}") = "FoodSafe.HttpApi", "src\FoodSafe.HttpApi\FoodSafe.HttpApi.csproj", "{8F481FA6-4A44-4949-963C-18459C138AD9}"
EndProject
Project("{FAE04EC0-301F-11D3-BF4B-00C04F79EFBC}") = "FoodSafe.HttpApi.Host", "src\FoodSafe.HttpApi.Host\FoodSafe.HttpApi.Host.csproj", "{4597B1E0-3BB6-4DAD-A6C7-2F57FC8BA4FD}"
EndProject
Project("{FAE04EC0-301F-11D3-BF4B-00C04F79EFBC}") = "FoodSafe.DbMigrator", "src\FoodSafe.DbMigrator\FoodSafe.DbMigrator.csproj", "{1EBD8CBB-6931-4E86-B83F-8A3FE3CE6247}"
EndProject
Project("{FAE04EC0-301F-11D3-BF4B-00C04F79EFBC}") = "FoodSafe.HttpApi.Client", "src\FoodSafe.HttpApi.Client\FoodSafe.HttpApi.Client.csproj", "{57233625-33CF-44FF-BDB4-19439ED1A469}"
EndProject
Project("{2150E333-8FDC-42A3-9474-1A3956D46DE8}") = "test", "test", "{0C88DD14-F956-CE84-757C-A364CCF449FC}"
EndProject
Project("{FAE04EC0-301F-11D3-BF4B-00C04F79EFBC}") = "FoodSafe.TestBase", "test\FoodSafe.TestBase\FoodSafe.TestBase.csproj", "{1591043E-E9FA-49A5-AFA6-FCEA803F895D}"
EndProject
Project("{FAE04EC0-301F-11D3-BF4B-00C04F79EFBC}") = "FoodSafe.Domain.Tests", "test\FoodSafe.Domain.Tests\FoodSafe.Domain.Tests.csproj", "{01F01893-3DA7-46A4-874A-1E9A98A44AFB}"
EndProject
Project("{FAE04EC0-301F-11D3-BF4B-00C04F79EFBC}") = "FoodSafe.Application.Tests", "test\FoodSafe.Application.Tests\FoodSafe.Application.Tests.csproj", "{BB322726-F67F-4F9B-9A4F-38F136048E9B}"
EndProject
Project("{FAE04EC0-301F-11D3-BF4B-00C04F79EFBC}") = "FoodSafe.EntityFrameworkCore.Tests", "test\FoodSafe.EntityFrameworkCore.Tests\FoodSafe.EntityFrameworkCore.Tests.csproj", "{D092A806-DD6C-4935-96D8-02F58326DB1F}"
EndProject
Project("{FAE04EC0-301F-11D3-BF4B-00C04F79EFBC}") = "FoodSafe.HttpApi.Host.Tests", "test\FoodSafe.HttpApi.Host.Tests\FoodSafe.HttpApi.Host.Tests.csproj", "{02339B2E-0D4E-4F63-8F83-76A143208BD5}"
EndProject
Global
	GlobalSection(SolutionConfigurationPlatforms) = preSolution
		Debug|Any CPU = Debug|Any CPU
		Debug|x64 = Debug|x64
		Debug|x86 = Debug|x86
		Release|Any CPU = Release|Any CPU
		Release|x64 = Release|x64
		Release|x86 = Release|x86
	EndGlobalSection
	GlobalSection(ProjectConfigurationPlatforms) = postSolution
		{A30EB0B8-37F7-4D47-888A-1E7661B504A4}.Debug|Any CPU.ActiveCfg = Debug|Any CPU
		{A30EB0B8-37F7-4D47-888A-1E7661B504A4}.Debug|Any CPU.Build.0 = Debug|Any CPU
		{A30EB0B8-37F7-4D47-888A-1E7661B504A4}.Debug|x64.ActiveCfg = Debug|Any CPU
		{A30EB0B8-37F7-4D47-888A-1E7661B504A4}.Debug|x64.Build.0 = Debug|Any CPU
		{A30EB0B8-37F7-4D47-888A-1E7661B504A4}.Debug|x86.ActiveCfg = Debug|Any CPU
		{A30EB0B8-37F7-4D47-888A-1E7661B504A4}.Debug|x86.Build.0 = Debug|Any CPU
		{A30EB0B8-37F7-4D47-888A-1E7661B504A4}.Release|Any CPU.ActiveCfg = Release|Any CPU
		{A30EB0B8-37F7-4D47-888A-1E7661B504A4}.Release|Any CPU.Build.0 = Release|Any CPU
		{A30EB0B8-37F7-4D47-888A-1E7661B504A4}.Release|x64.ActiveCfg = Release|Any CPU
		{A30EB0B8-37F7-4D47-888A-1E7661B504A4}.Release|x64.Build.0 = Release|Any CPU
		{A30EB0B8-37F7-4D47-888A-1E7661B504A4}.Release|x86.ActiveCfg = Release|Any CPU
		{A30EB0B8-37F7-4D47-888A-1E7661B504A4}.Release|x86.Build.0 = Release|Any CPU
		{1501B576-BBD8-4C82-8F58-B2EAAAF0386F}.Debug|Any CPU.ActiveCfg = Debug|Any CPU
		{1501B576-BBD8-4C82-8F58-B2EAAAF0386F}.Debug|Any CPU.Build.0 = Debug|Any CPU
		{1501B576-BBD8-4C82-8F58-B2EAAAF0386F}.Debug|x64.ActiveCfg = Debug|Any CPU
		{1501B576-BBD8-4C82-8F58-B2EAAAF0386F}.Debug|x64.Build.0 = Debug|Any CPU
		{1501B576-BBD8-4C82-8F58-B2EAAAF0386F}.Debug|x86.ActiveCfg = Debug|Any CPU
		{1501B576-BBD8-4C82-8F58-B2EAAAF0386F}.Debug|x86.Build.0 = Debug|Any CPU
		{1501B576-BBD8-4C82-8F58-B2EAAAF0386F}.Release|Any CPU.ActiveCfg = Release|Any CPU
		{1501B576-BBD8-4C82-8F58-B2EAAAF0386F}.Release|Any CPU.Build.0 = Release|Any CPU
		{1501B576-BBD8-4C82-8F58-B2EAAAF0386F}.Release|x64.ActiveCfg = Release|Any CPU
		{1501B576-BBD8-4C82-8F58-B2EAAAF0386F}.Release|x64.Build.0 = Release|Any CPU
		{1501B576-BBD8-4C82-8F58-B2EAAAF0386F}.Release|x86.ActiveCfg = Release|Any CPU
		{1501B576-BBD8-4C82-8F58-B2EAAAF0386F}.Release|x86.Build.0 = Release|Any CPU
		{68D18008-F148-4655-975D-BDA2BEC20437}.Debug|Any CPU.ActiveCfg = Debug|Any CPU
		{68D18008-F148-4655-975D-BDA2BEC20437}.Debug|Any CPU.Build.0 = Debug|Any CPU
		{68D18008-F148-4655-975D-BDA2BEC20437}.Debug|x64.ActiveCfg = Debug|Any CPU
		{68D18008-F148-4655-975D-BDA2BEC20437}.Debug|x64.Build.0 = Debug|Any CPU
		{68D18008-F148-4655-975D-BDA2BEC20437}.Debug|x86.ActiveCfg = Debug|Any CPU
		{68D18008-F148-4655-975D-BDA2BEC20437}.Debug|x86.Build.0 = Debug|Any CPU
		{68D18008-F148-4655-975D-BDA2BEC20437}.Release|Any CPU.ActiveCfg = Release|Any CPU
		{68D18008-F148-4655-975D-BDA2BEC20437}.Release|Any CPU.Build.0 = Release|Any CPU
		{68D18008-F148-4655-975D-BDA2BEC20437}.Release|x64.ActiveCfg = Release|Any CPU
		{68D18008-F148-4655-975D-BDA2BEC20437}.Release|x64.Build.0 = Release|Any CPU
		{68D18008-F148-4655-975D-BDA2BEC20437}.Release|x86.ActiveCfg = Release|Any CPU
		{68D18008-F148-4655-975D-BDA2BEC20437}.Release|x86.Build.0 = Release|Any CPU
		{825ECCBD-A033-4D1F-85F3-86F68BD9F74A}.Debug|Any CPU.ActiveCfg = Debug|Any CPU
		{825ECCBD-A033-4D1F-85F3-86F68BD9F74A}.Debug|Any CPU.Build.0 = Debug|Any CPU
		{825ECCBD-A033-4D1F-85F3-86F68BD9F74A}.Debug|x64.ActiveCfg = Debug|Any CPU
		{825ECCBD-A033-4D1F-85F3-86F68BD9F74A}.Debug|x64.Build.0 = Debug|Any CPU
		{825ECCBD-A033-4D1F-85F3-86F68BD9F74A}.Debug|x86.ActiveCfg = Debug|Any CPU
		{825ECCBD-A033-4D1F-85F3-86F68BD9F74A}.Debug|x86.Build.0 = Debug|Any CPU
		{825ECCBD-A033-4D1F-85F3-86F68BD9F74A}.Release|Any CPU.ActiveCfg = Release|Any CPU
		{825ECCBD-A033-4D1F-85F3-86F68BD9F74A}.Release|Any CPU.Build.0 = Release|Any CPU
		{825ECCBD-A033-4D1F-85F3-86F68BD9F74A}.Release|x64.ActiveCfg = Release|Any CPU
		{825ECCBD-A033-4D1F-85F3-86F68BD9F74A}.Release|x64.Build.0 = Release|Any CPU
		{825ECCBD-A033-4D1F-85F3-86F68BD9F74A}.Release|x86.ActiveCfg = Release|Any CPU
		{825ECCBD-A033-4D1F-85F3-86F68BD9F74A}.Release|x86.Build.0 = Release|Any CPU
		{DD36D723-3A03-442B-AB7A-01A4A25AA0D8}.Debug|Any CPU.ActiveCfg = Debug|Any CPU
		{DD36D723-3A03-442B-AB7A-01A4A25AA0D8}.Debug|Any CPU.Build.0 = Debug|Any CPU
		{DD36D723-3A03-442B-AB7A-01A4A25AA0D8}.Debug|x64.ActiveCfg = Debug|Any CPU
		{DD36D723-3A03-442B-AB7A-01A4A25AA0D8}.Debug|x64.Build.0 = Debug|Any CPU
		{DD36D723-3A03-442B-AB7A-01A4A25AA0D8}.Debug|x86.ActiveCfg = Debug|Any CPU
		{DD36D723-3A03-442B-AB7A-01A4A25AA0D8}.Debug|x86.Build.0 = Debug|Any CPU
		{DD36D723-3A03-442B-AB7A-01A4A25AA0D8}.Release|Any CPU.ActiveCfg = Release|Any CPU
		{DD36D723-3A03-442B-AB7A-01A4A25AA0D8}.Release|Any CPU.Build.0 = Release|Any CPU
		{DD36D723-3A03-442B-AB7A-01A4A25AA0D8}.Release|x64.ActiveCfg = Release|Any CPU
		{DD36D723-3A03-442B-AB7A-01A4A25AA0D8}.Release|x64.Build.0 = Release|Any CPU
		{DD36D723-3A03-442B-AB7A-01A4A25AA0D8}.Release|x86.ActiveCfg = Release|Any CPU
		{DD36D723-3A03-442B-AB7A-01A4A25AA0D8}.Release|x86.Build.0 = Release|Any CPU
		{8F481FA6-4A44-4949-963C-18459C138AD9}.Debug|Any CPU.ActiveCfg = Debug|Any CPU
		{8F481FA6-4A44-4949-963C-18459C138AD9}.Debug|Any CPU.Build.0 = Debug|Any CPU
		{8F481FA6-4A44-4949-963C-18459C138AD9}.Debug|x64.ActiveCfg = Debug|Any CPU
		{8F481FA6-4A44-4949-963C-18459C138AD9}.Debug|x64.Build.0 = Debug|Any CPU
		{8F481FA6-4A44-4949-963C-18459C138AD9}.Debug|x86.ActiveCfg = Debug|Any CPU
		{8F481FA6-4A44-4949-963C-18459C138AD9}.Debug|x86.Build.0 = Debug|Any CPU
		{8F481FA6-4A44-4949-963C-18459C138AD9}.Release|Any CPU.ActiveCfg = Release|Any CPU
		{8F481FA6-4A44-4949-963C-18459C138AD9}.Release|Any CPU.Build.0 = Release|Any CPU
		{8F481FA6-4A44-4949-963C-18459C138AD9}.Release|x64.ActiveCfg = Release|Any CPU
		{8F481FA6-4A44-4949-963C-18459C138AD9}.Release|x64.Build.0 = Release|Any CPU
		{8F481FA6-4A44-4949-963C-18459C138AD9}.Release|x86.ActiveCfg = Release|Any CPU
		{8F481FA6-4A44-4949-963C-18459C138AD9}.Release|x86.Build.0 = Release|Any CPU
		{4597B1E0-3BB6-4DAD-A6C7-2F57FC8BA4FD}.Debug|Any CPU.ActiveCfg = Debug|Any CPU
		{4597B1E0-3BB6-4DAD-A6C7-2F57FC8BA4FD}.Debug|Any CPU.Build.0 = Debug|Any CPU
		{4597B1E0-3BB6-4DAD-A6C7-2F57FC8BA4FD}.Debug|x64.ActiveCfg = Debug|Any CPU
		{4597B1E0-3BB6-4DAD-A6C7-2F57FC8BA4FD}.Debug|x64.Build.0 = Debug|Any CPU
		{4597B1E0-3BB6-4DAD-A6C7-2F57FC8BA4FD}.Debug|x86.ActiveCfg = Debug|Any CPU
		{4597B1E0-3BB6-4DAD-A6C7-2F57FC8BA4FD}.Debug|x86.Build.0 = Debug|Any CPU
		{4597B1E0-3BB6-4DAD-A6C7-2F57FC8BA4FD}.Release|Any CPU.ActiveCfg = Release|Any CPU
		{4597B1E0-3BB6-4DAD-A6C7-2F57FC8BA4FD}.Release|Any CPU.Build.0 = Release|Any CPU
		{4597B1E0-3BB6-4DAD-A6C7-2F57FC8BA4FD}.Release|x64.ActiveCfg = Release|Any CPU
		{4597B1E0-3BB6-4DAD-A6C7-2F57FC8BA4FD}.Release|x64.Build.0 = Release|Any CPU
		{4597B1E0-3BB6-4DAD-A6C7-2F57FC8BA4FD}.Release|x86.ActiveCfg = Release|Any CPU
		{4597B1E0-3BB6-4DAD-A6C7-2F57FC8BA4FD}.Release|x86.Build.0 = Release|Any CPU
		{1EBD8CBB-6931-4E86-B83F-8A3FE3CE6247}.Debug|Any CPU.ActiveCfg = Debug|Any CPU
		{1EBD8CBB-6931-4E86-B83F-8A3FE3CE6247}.Debug|Any CPU.Build.0 = Debug|Any CPU
		{1EBD8CBB-6931-4E86-B83F-8A3FE3CE6247}.Debug|x64.ActiveCfg = Debug|Any CPU
		{1EBD8CBB-6931-4E86-B83F-8A3FE3CE6247}.Debug|x64.Build.0 = Debug|Any CPU
		{1EBD8CBB-6931-4E86-B83F-8A3FE3CE6247}.Debug|x86.ActiveCfg = Debug|Any CPU
		{1EBD8CBB-6931-4E86-B83F-8A3FE3CE6247}.Debug|x86.Build.0 = Debug|Any CPU
		{1EBD8CBB-6931-4E86-B83F-8A3FE3CE6247}.Release|Any CPU.ActiveCfg = Release|Any CPU
		{1EBD8CBB-6931-4E86-B83F-8A3FE3CE6247}.Release|Any CPU.Build.0 = Release|Any CPU
		{1EBD8CBB-6931-4E86-B83F-8A3FE3CE6247}.Release|x64.ActiveCfg = Release|Any CPU
		{1EBD8CBB-6931-4E86-B83F-8A3FE3CE6247}.Release|x64.Build.0 = Release|Any CPU
		{1EBD8CBB-6931-4E86-B83F-8A3FE3CE6247}.Release|x86.ActiveCfg = Release|Any CPU
		{1EBD8CBB-6931-4E86-B83F-8A3FE3CE6247}.Release|x86.Build.0 = Release|Any CPU
		{57233625-33CF-44FF-BDB4-19439ED1A469}.Debug|Any CPU.ActiveCfg = Debug|Any CPU
		{57233625-33CF-44FF-BDB4-19439ED1A469}.Debug|Any CPU.Build.0 = Debug|Any CPU
		{57233625-33CF-44FF-BDB4-19439ED1A469}.Debug|x64.ActiveCfg = Debug|Any CPU
		{57233625-33CF-44FF-BDB4-19439ED1A469}.Debug|x64.Build.0 = Debug|Any CPU
		{57233625-33CF-44FF-BDB4-19439ED1A469}.Debug|x86.ActiveCfg = Debug|Any CPU
		{57233625-33CF-44FF-BDB4-19439ED1A469}.Debug|x86.Build.0 = Debug|Any CPU
		{57233625-33CF-44FF-BDB4-19439ED1A469}.Release|Any CPU.ActiveCfg = Release|Any CPU
		{57233625-33CF-44FF-BDB4-19439ED1A469}.Release|Any CPU.Build.0 = Release|Any CPU
		{57233625-33CF-44FF-BDB4-19439ED1A469}.Release|x64.ActiveCfg = Release|Any CPU
		{57233625-33CF-44FF-BDB4-19439ED1A469}.Release|x64.Build.0 = Release|Any CPU
		{57233625-33CF-44FF-BDB4-19439ED1A469}.Release|x86.ActiveCfg = Release|Any CPU
		{57233625-33CF-44FF-BDB4-19439ED1A469}.Release|x86.Build.0 = Release|Any CPU
		{1591043E-E9FA-49A5-AFA6-FCEA803F895D}.Debug|Any CPU.ActiveCfg = Debug|Any CPU
		{1591043E-E9FA-49A5-AFA6-FCEA803F895D}.Debug|Any CPU.Build.0 = Debug|Any CPU
		{1591043E-E9FA-49A5-AFA6-FCEA803F895D}.Debug|x64.ActiveCfg = Debug|Any CPU
		{1591043E-E9FA-49A5-AFA6-FCEA803F895D}.Debug|x64.Build.0 = Debug|Any CPU
		{1591043E-E9FA-49A5-AFA6-FCEA803F895D}.Debug|x86.ActiveCfg = Debug|Any CPU
		{1591043E-E9FA-49A5-AFA6-FCEA803F895D}.Debug|x86.Build.0 = Debug|Any CPU
		{1591043E-E9FA-49A5-AFA6-FCEA803F895D}.Release|Any CPU.ActiveCfg = Release|Any CPU
		{1591043E-E9FA-49A5-AFA6-FCEA803F895D}.Release|Any CPU.Build.0 = Release|Any CPU
		{1591043E-E9FA-49A5-AFA6-FCEA803F895D}.Release|x64.ActiveCfg = Release|Any CPU
		{1591043E-E9FA-49A5-AFA6-FCEA803F895D}.Release|x64.Build.0 = Release|Any CPU
		{1591043E-E9FA-49A5-AFA6-FCEA803F895D}.Release|x86.ActiveCfg = Release|Any CPU
		{1591043E-E9FA-49A5-AFA6-FCEA803F895D}.Release|x86.Build.0 = Release|Any CPU
		{01F01893-3DA7-46A4-874A-1E9A98A44AFB}.Debug|Any CPU.ActiveCfg = Debug|Any CPU
		{01F01893-3DA7-46A4-874A-1E9A98A44AFB}.Debug|Any CPU.Build.0 = Debug|Any CPU
		{01F01893-3DA7-46A4-874A-1E9A98A44AFB}.Debug|x64.ActiveCfg = Debug|Any CPU
		{01F01893-3DA7-46A4-874A-1E9A98A44AFB}.Debug|x64.Build.0 = Debug|Any CPU
		{01F01893-3DA7-46A4-874A-1E9A98A44AFB}.Debug|x86.ActiveCfg = Debug|Any CPU
		{01F01893-3DA7-46A4-874A-1E9A98A44AFB}.Debug|x86.Build.0 = Debug|Any CPU
		{01F01893-3DA7-46A4-874A-1E9A98A44AFB}.Release|Any CPU.ActiveCfg = Release|Any CPU
		{01F01893-3DA7-46A4-874A-1E9A98A44AFB}.Release|Any CPU.Build.0 = Release|Any CPU
		{01F01893-3DA7-46A4-874A-1E9A98A44AFB}.Release|x64.ActiveCfg = Release|Any CPU
		{01F01893-3DA7-46A4-874A-1E9A98A44AFB}.Release|x64.Build.0 = Release|Any CPU
		{01F01893-3DA7-46A4-874A-1E9A98A44AFB}.Release|x86.ActiveCfg = Release|Any CPU
		{01F01893-3DA7-46A4-874A-1E9A98A44AFB}.Release|x86.Build.0 = Release|Any CPU
		{BB322726-F67F-4F9B-9A4F-38F136048E9B}.Debug|Any CPU.ActiveCfg = Debug|Any CPU
		{BB322726-F67F-4F9B-9A4F-38F136048E9B}.Debug|Any CPU.Build.0 = Debug|Any CPU
		{BB322726-F67F-4F9B-9A4F-38F136048E9B}.Debug|x64.ActiveCfg = Debug|Any CPU
		{BB322726-F67F-4F9B-9A4F-38F136048E9B}.Debug|x64.Build.0 = Debug|Any CPU
		{BB322726-F67F-4F9B-9A4F-38F136048E9B}.Debug|x86.ActiveCfg = Debug|Any CPU
		{BB322726-F67F-4F9B-9A4F-38F136048E9B}.Debug|x86.Build.0 = Debug|Any CPU
		{BB322726-F67F-4F9B-9A4F-38F136048E9B}.Release|Any CPU.ActiveCfg = Release|Any CPU
		{BB322726-F67F-4F9B-9A4F-38F136048E9B}.Release|Any CPU.Build.0 = Release|Any CPU
		{BB322726-F67F-4F9B-9A4F-38F136048E9B}.Release|x64.ActiveCfg = Release|Any CPU
		{BB322726-F67F-4F9B-9A4F-38F136048E9B}.Release|x64.Build.0 = Release|Any CPU
		{BB322726-F67F-4F9B-9A4F-38F136048E9B}.Release|x86.ActiveCfg = Release|Any CPU
		{BB322726-F67F-4F9B-9A4F-38F136048E9B}.Release|x86.Build.0 = Release|Any CPU
		{D092A806-DD6C-4935-96D8-02F58326DB1F}.Debug|Any CPU.ActiveCfg = Debug|Any CPU
		{D092A806-DD6C-4935-96D8-02F58326DB1F}.Debug|Any CPU.Build.0 = Debug|Any CPU
		{D092A806-DD6C-4935-96D8-02F58326DB1F}.Debug|x64.ActiveCfg = Debug|Any CPU
		{D092A806-DD6C-4935-96D8-02F58326DB1F}.Debug|x64.Build.0 = Debug|Any CPU
		{D092A806-DD6C-4935-96D8-02F58326DB1F}.Debug|x86.ActiveCfg = Debug|Any CPU
		{D092A806-DD6C-4935-96D8-02F58326DB1F}.Debug|x86.Build.0 = Debug|Any CPU
		{D092A806-DD6C-4935-96D8-02F58326DB1F}.Release|Any CPU.ActiveCfg = Release|Any CPU
		{D092A806-DD6C-4935-96D8-02F58326DB1F}.Release|Any CPU.Build.0 = Release|Any CPU
		{D092A806-DD6C-4935-96D8-02F58326DB1F}.Release|x64.ActiveCfg = Release|Any CPU
		{D092A806-DD6C-4935-96D8-02F58326DB1F}.Release|x64.Build.0 = Release|Any CPU
		{D092A806-DD6C-4935-96D8-02F58326DB1F}.Release|x86.ActiveCfg = Release|Any CPU
		{D092A806-DD6C-4935-96D8-02F58326DB1F}.Release|x86.Build.0 = Release|Any CPU
		{02339B2E-0D4E-4F63-8F83-76A143208BD5}.Debug|Any CPU.ActiveCfg = Debug|Any CPU
		{02339B2E-0D4E-4F63-8F83-76A143208BD5}.Debug|Any CPU.Build.0 = Debug|Any CPU
		{02339B2E-0D4E-4F63-8F83-76A143208BD5}.Debug|x64.ActiveCfg = Debug|Any CPU
		{02339B2E-0D4E-4F63-8F83-76A143208BD5}.Debug|x64.Build.0 = Debug|Any CPU
		{02339B2E-0D4E-4F63-8F83-76A143208BD5}.Debug|x86.ActiveCfg = Debug|Any CPU
		{02339B2E-0D4E-4F63-8F83-76A143208BD5}.Debug|x86.Build.0 = Debug|Any CPU
		{02339B2E-0D4E-4F63-8F83-76A143208BD5}.Release|Any CPU.ActiveCfg = Release|Any CPU
		{02339B2E-0D4E-4F63-8F83-76A143208BD5}.Release|Any CPU.Build.0 = Release|Any CPU
		{02339B2E-0D4E-4F63-8F83-76A143208BD5}.Release|x64.ActiveCfg = Release|Any CPU
		{02339B2E-0D4E-4F63-8F83-76A143208BD5}.Release|x64.Build.0 = Release|Any CPU
		{02339B2E-0D4E-4F63-8F83-76A143208BD5}.Release|x86.ActiveCfg = Release|Any CPU
		{02339B2E-0D4E-4F63-8F83-76A143208BD5}.Release|x86.Build.0 = Release|Any CPU
	EndGlobalSection
	GlobalSection(SolutionProperties) = preSolution
		HideSolutionNode = FALSE
	EndGlobalSection
	GlobalSection(NestedProjects) = preSolution
		{A30EB0B8-37F7-4D47-888A-1E7661B504A4} = {827E0CD3-B72D-47B6-A68D-7590B98EB39B}
		{1501B576-BBD8-4C82-8F58-B2EAAAF0386F} = {827E0CD3-B72D-47B6-A68D-7590B98EB39B}
		{68D18008-F148-4655-975D-BDA2BEC20437} = {827E0CD3-B72D-47B6-A68D-7590B98EB39B}
		{825ECCBD-A033-4D1F-85F3-86F68BD9F74A} = {827E0CD3-B72D-47B6-A68D-7590B98EB39B}
		{DD36D723-3A03-442B-AB7A-01A4A25AA0D8} = {827E0CD3-B72D-47B6-A68D-7590B98EB39B}
		{8F481FA6-4A44-4949-963C-18459C138AD9} = {827E0CD3-B72D-47B6-A68D-7590B98EB39B}
		{4597B1E0-3BB6-4DAD-A6C7-2F57FC8BA4FD} = {827E0CD3-B72D-47B6-A68D-7590B98EB39B}
		{1EBD8CBB-6931-4E86-B83F-8A3FE3CE6247} = {827E0CD3-B72D-47B6-A68D-7590B98EB39B}
		{57233625-33CF-44FF-BDB4-19439ED1A469} = {827E0CD3-B72D-47B6-A68D-7590B98EB39B}
		{1591043E-E9FA-49A5-AFA6-FCEA803F895D} = {0C88DD14-F956-CE84-757C-A364CCF449FC}
		{01F01893-3DA7-46A4-874A-1E9A98A44AFB} = {0C88DD14-F956-CE84-757C-A364CCF449FC}
		{BB322726-F67F-4F9B-9A4F-38F136048E9B} = {0C88DD14-F956-CE84-757C-A364CCF449FC}
		{D092A806-DD6C-4935-96D8-02F58326DB1F} = {0C88DD14-F956-CE84-757C-A364CCF449FC}
		{02339B2E-0D4E-4F63-8F83-76A143208BD5} = {0C88DD14-F956-CE84-757C-A364CCF449FC}
	EndGlobalSection
EndGlobal
